// !$*UTF8*$!
{
	archiveVersion = 1;
	classes = {
	};
	objectVersion = 46;
	objects = {

/* Begin PBXBuildFile section */
		67F8F4301CDD03AF009B2931 /* AppDelegate.swift in Sources */ = {isa = PBXBuildFile; fileRef = 67F8F42F1CDD03AF009B2931 /* AppDelegate.swift */; };
		67F8F4321CDD03AF009B2931 /* ViewController.swift in Sources */ = {isa = PBXBuildFile; fileRef = 67F8F4311CDD03AF009B2931 /* ViewController.swift */; };
		67F8F4351CDD03AF009B2931 /* Main.storyboard in Resources */ = {isa = PBXBuildFile; fileRef = 67F8F4331CDD03AF009B2931 /* Main.storyboard */; };
		67F8F4371CDD03AF009B2931 /* Assets.xcassets in Resources */ = {isa = PBXBuildFile; fileRef = 67F8F4361CDD03AF009B2931 /* Assets.xcassets */; };
		67F8F43A1CDD03AF009B2931 /* LaunchScreen.storyboard in Resources */ = {isa = PBXBuildFile; fileRef = 67F8F4381CDD03AF009B2931 /* LaunchScreen.storyboard */; };
/* End PBXBuildFile section */

/* Begin PBXFileReference section */
		67F8F42C1CDD03AF009B2931 /* stopWatch.app */ = {isa = PBXFileReference; explicitFileType = wrapper.application; includeInIndex = 0; path = stopWatch.app; sourceTree = BUILT_PRODUCTS_DIR; };
		67F8F42F1CDD03AF009B2931 /* AppDelegate.swift */ = {isa = PBXFileReference; lastKnownFileType = sourcecode.swift; path = AppDelegate.swift; sourceTree = "<group>"; };
		67F8F4311CDD03AF009B2931 /* ViewController.swift */ = {isa = PBXFileReference; lastKnownFileType = sourcecode.swift; path = ViewController.swift; sourceTree = "<group>"; };
		67F8F4341CDD03AF009B2931 /* Base */ = {isa = PBXFileReference; lastKnownFileType = file.storyboard; name = Base; path = Base.lproj/Main.storyboard; sourceTree = "<group>"; };
		67F8F4361CDD03AF009B2931 /* Assets.xcassets */ = {isa = PBXFileReference; lastKnownFileType = folder.assetcatalog; path = Assets.xcassets; sourceTree = "<group>"; };
		67F8F4391CDD03AF009B2931 /* Base */ = {isa = PBXFileReference; lastKnownFileType = file.storyboard; name = Base; path = Base.lproj/LaunchScreen.storyboard; sourceTree = "<group>"; };
		67F8F43B1CDD03AF009B2931 /* Info.plist */ = {isa = PBXFileReference; lastKnownFileType = text.plist.xml; path = Info.plist; sourceTree = "<group>"; };
/* End PBXFileReference section */

/* Begin PBXFrameworksBuildPhase section */
		67F8F4291CDD03AF009B2931 /* Frameworks */ = {
			isa = PBXFrameworksBuildPhase;
			buildActionMask = 2147483647;
			files = (
			);
			runOnlyForDeploymentPostprocessing = 0;
		};
/* End PBXFrameworksBuildPhase section */

/* Begin PBXGroup section */
		67F8F4231CDD03AF009B2931 = {
			isa = PBXGroup;
			children = (
				67F8F42E1CDD03AF009B2931 /* stopWatch */,
				67F8F42D1CDD03AF009B2931 /* Products */,
			);
			sourceTree = "<group>";
		};
		67F8F42D1CDD03AF009B2931 /* Products */ = {
			isa = PBXGroup;
			children = (
				67F8F42C1CDD03AF009B2931 /* stopWatch.app */,
			);
			name = Products;
			sourceTree = "<group>";
		};
		67F8F42E1CDD03AF009B2931 /* stopWatch */ = {
			isa = PBXGroup;
			children = (
				67F8F42F1CDD03AF009B2931 /* AppDelegate.swift */,
				67F8F4311CDD03AF009B2931 /* ViewController.swift */,
				67F8F4331CDD03AF009B2931 /* Main.storyboard */,
				67F8F4361CDD03AF009B2931 /* Assets.xcassets */,
				67F8F4381CDD03AF009B2931 /* LaunchScreen.storyboard */,
				67F8F43B1CDD03AF009B2931 /* Info.plist */,
			);
			path = stopWatch;
			sourceTree = "<group>";
		};
/* End PBXGroup section */

/* Begin PBXNativeTarget section */
		67F8F42B1CDD03AF009B2931 /* stopWatch */ = {
			isa = PBXNativeTarget;
			buildConfigurationList = 67F8F43E1CDD03AF009B2931 /* Build configuration list for PBXNativeTarget "stopWatch" */;
			buildPhases = (
				67F8F4281CDD03AF009B2931 /* Sources */,
				67F8F4291CDD03AF009B2931 /* Frameworks */,
				67F8F42A1CDD03AF009B2931 /* Resources */,
			);
			buildRules = (
			);
			dependencies = (
			);
			name = stopWatch;
			productName = stopWatch;
			productReference = 67F8F42C1CDD03AF009B2931 /* stopWatch.app */;
			productType = "com.apple.product-type.application";
		};
/* End PBXNativeTarget section */

/* Begin PBXProject section */
		67F8F4241CDD03AF009B2931 /* Project object */ = {
			isa = PBXProject;
			attributes = {
				LastSwiftUpdateCheck = 0730;
				LastUpgradeCheck = 0730;
				ORGANIZATIONNAME = "Kaylan Smith";
				TargetAttributes = {
					67F8F42B1CDD03AF009B2931 = {
						CreatedOnToolsVersion = 7.3;
					};
				};
			};
			buildConfigurationList = 67F8F4271CDD03AF009B2931 /* Build configuration list for PBXProject "stopWatch" */;
			compatibilityVersion = "Xcode 3.2";
			developmentRegion = English;
			hasScannedForEncodings = 0;
			knownRegions = (
				en,
				Base,
			);
			mainGroup = 67F8F4231CDD03AF009B2931;
			productRefGroup = 67F8F42D1CDD03AF009B2931 /* Products */;
			projectDirPath = "";
			projectRoot = "";
			targets = (
				67F8F42B1CDD03AF009B2931 /* stopWatch */,
			);
		};
/* End PBXProject section */

/* Begin PBXResourcesBuildPhase section */
		67F8F42A1CDD03AF009B2931 /* Resources */ = {
			isa = PBXResourcesBuildPhase;
			buildActionMask = 2147483647;
			files = (
				67F8F43A1CDD03AF009B2931 /* LaunchScreen.storyboard in Resources */,
				67F8F4371CDD03AF009B2931 /* Assets.xcassets in Resources */,
				67F8F4351CDD03AF009B2931 /* Main.storyboard in Resources */,
			);
			runOnlyForDeploymentPostprocessing = 0;
		};
/* End PBXResourcesBuildPhase section */

/* Begin PBXSourcesBuildPhase section */
		67F8F4281CDD03AF009B2931 /* Sources */ = {
			isa = PBXSourcesBuildPhase;
			buildActionMask = 2147483647;
			files = (
				67F8F4321CDD03AF009B2931 /* ViewController.swift in Sources */,
				67F8F4301CDD03AF009B2931 /* AppDelegate.swift in Sources */,
			);
			runOnlyForDeploymentPostprocessing = 0;
		};
/* End PBXSourcesBuildPhase section */

/* Begin PBXVariantGroup section */
		67F8F4331CDD03AF009B2931 /* Main.storyboard */ = {
			isa = PBXVariantGroup;
			children = (
				67F8F4341CDD03AF009B2931 /* Base */,
			);
			name = Main.storyboard;
			sourceTree = "<group>";
		};
		67F8F4381CDD03AF009B2931 /* LaunchScreen.storyboard */ = {
			isa = PBXVariantGroup;
			children = (
				67F8F4391CDD03AF009B2931 /* Base */,
			);
			name = LaunchScreen.storyboard;
			sourceTree = "<group>";
		};
/* End PBXVariantGroup section */

/* Begin XCBuildConfiguration section */
		67F8F43C1CDD03AF009B2931 /* Debug */ = {
			isa = XCBuildConfiguration;
			buildSettings = {
				ALWAYS_SEARCH_USER_PATHS = NO;
				CLANG_ANALYZER_NONNULL = YES;
				CLANG_CXX_LANGUAGE_STANDARD = "gnu++0x";
				CLANG_CXX_LIBRARY = "libc++";
				CLANG_ENABLE_MODULES = YES;
				CLANG_ENABLE_OBJC_ARC = YES;
				CLANG_WARN_BOOL_CONVERSION = YES;
				CLANG_WARN_CONSTANT_CONVERSION = YES;
				CLANG_WARN_DIRECT_OBJC_ISA_USAGE = YES_ERROR;
				CLANG_WARN_EMPTY_BODY = YES;
				CLANG_WARN_ENUM_CONVERSION = YES;
				CLANG_WARN_INT_CONVERSION = YES;
				CLANG_WARN_OBJC_ROOT_CLASS = YES_ERROR;
				CLANG_WARN_UNREACHABLE_CODE = YES;
				CLANG_WARN__DUPLICATE_METHOD_MATCH = YES;
				"CODE_SIGN_IDENTITY[sdk=iphoneos*]" = "iPhone Developer";
				COPY_PHASE_STRIP = NO;
				DEBUG_INFORMATION_FORMAT = dwarf;
				ENABLE_STRICT_OBJC_MSGSEND = YES;
				ENABLE_TESTABILITY = YES;
				GCC_C_LANGUAGE_STANDARD = gnu99;
				GCC_DYNAMIC_NO_PIC = NO;
				GCC_NO_COMMON_BLOCKS = YES;
				GCC_OPTIMIZATION_LEVEL = 0;
				GCC_PREPROCESSOR_DEFINITIONS = (
					"DEBUG=1",
					"$(inherited)",
				);
				GCC_WARN_64_TO_32_BIT_CONVERSION = YES;
				GCC_WARN_ABOUT_RETURN_TYPE = YES_ERROR;
				GCC_WARN_UNDECLARED_SELECTOR = YES;
				GCC_WARN_UNINITIALIZED_AUTOS = YES_AGGRESSIVE;
				GCC_WARN_UNUSED_FUNCTION = YES;
				GCC_WARN_UNUSED_VARIABLE = YES;
				IPHONEOS_DEPLOYMENT_TARGET = 9.3;
				MTL_ENABLE_DEBUG_INFO = YES;
				ONLY_ACTIVE_ARCH = YES;
				SDKROOT = iphoneos;
				SWIFT_OPTIMIZATION_LEVEL = "-Onone";
			};
			name = Debug;
		};
		67F8F43D1CDD03AF009B2931 /* Release */ = {
			isa = XCBuildConfiguration;
			buildSettings = {
				ALWAYS_SEARCH_USER_PATHS = NO;
				CLANG_ANALYZER_NONNULL = YES;
				CLANG_CXX_LANGUAGE_STANDARD = "gnu++0x";
				CLANG_CXX_LIBRARY = "libc++";
				CLANG_ENABLE_MODULES = YES;
				CLANG_ENABLE_OBJC_ARC = YES;
				CLANG_WARN_BOOL_CONVERSION = YES;
				CLANG_WARN_CONSTANT_CONVERSION = YES;
				CLANG_WARN_DIRECT_OBJC_ISA_USAGE = YES_ERROR;
				CLANG_WARN_EMPTY_BODY = YES;
				CLANG_WARN_ENUM_CONVERSION = YES;
				CLANG_WARN_INT_CONVERSION = YES;
				CLANG_WARN_OBJC_ROOT_CLASS = YES_ERROR;
				CLANG_WARN_UNREACHABLE_CODE = YES;
				CLANG_WARN__DUPLICATE_METHOD_MATCH = YES;
				"CODE_SIGN_IDENTITY[sdk=iphoneos*]" = "iPhone Developer";
				COPY_PHASE_STRIP = NO;
				DEBUG_INFORMATION_FORMAT = "dwarf-with-dsym";
				ENABLE_NS_ASSERTIONS = NO;
				ENABLE_STRICT_OBJC_MSGSEND = YES;
				GCC_C_LANGUAGE_STANDARD = gnu99;
				GCC_NO_COMMON_BLOCKS = YES;
				GCC_WARN_64_TO_32_BIT_CONVERSION = YES;
				GCC_WARN_ABOUT_RETURN_TYPE = YES_ERROR;
				GCC_WARN_UNDECLARED_SELECTOR = YES;
				GCC_WARN_UNINITIALIZED_AUTOS = YES_AGGRESSIVE;
				GCC_WARN_UNUSED_FUNCTION = YES;
				GCC_WARN_UNUSED_VARIABLE = YES;
				IPHONEOS_DEPLOYMENT_TARGET = 9.3;
				MTL_ENABLE_DEBUG_INFO = NO;
				SDKROOT = iphoneos;
				VALIDATE_PRODUCT = YES;
			};
			name = Release;
		};
		67F8F43F1CDD03AF009B2931 /* Debug */ = {
			isa = XCBuildConfiguration;
			buildSettings = {
				ASSETCATALOG_COMPILER_APPICON_NAME = AppIcon;
				INFOPLIST_FILE = stopWatch/Info.plist;
				LD_RUNPATH_SEARCH_PATHS = "$(inherited) @executable_path/Frameworks";
				PRODUCT_BUNDLE_IDENTIFIER = com.kaylansmith.stopWatch;
				PRODUCT_NAME = "$(TARGET_NAME)";
			};
			name = Debug;
		};
		67F8F4401CDD03AF009B2931 /* Release */ = {
			isa = XCBuildConfiguration;
			buildSettings = {
				ASSETCATALOG_COMPILER_APPICON_NAME = AppIcon;
				INFOPLIST_FILE = stopWatch/Info.plist;
				LD_RUNPATH_SEARCH_PATHS = "$(inherited) @executable_path/Frameworks";
				PRODUCT_BUNDLE_IDENTIFIER = com.kaylansmith.stopWatch;
				PRODUCT_NAME = "$(TARGET_NAME)";
			};
			name = Release;
		};
/* End XCBuildConfiguration section */

/* Begin XCConfigurationList section */
		67F8F4271CDD03AF009B2931 /* Build configuration list for PBXProject "stopWatch" */ = {
			isa = XCConfigurationList;
			buildConfigurations = (
				67F8F43C1CDD03AF009B2931 /* Debug */,
				67F8F43D1CDD03AF009B2931 /* Release */,
			);
			defaultConfigurationIsVisible = 0;
			defaultConfigurationName = Release;
		};
		67F8F43E1CDD03AF009B2931 /* Build configuration list for PBXNativeTarget "stopWatch" */ = {
			isa = XCConfigurationList;
			buildConfigurations = (
				67F8F43F1CDD03AF009B2931 /* Debug */,
				67F8F4401CDD03AF009B2931 /* Release */,
			);
			defaultConfigurationIsVisible = 0;
		};
/* End XCConfigurationList section */
	};
	rootObject = 67F8F4241CDD03AF009B2931 /* Project object */;
}
